
Microsoft Visual Studio Solution File, Format Version 12.00
# Visual Studio Version 16
VisualStudioVersion = 16.0.30503.244
MinimumVisualStudioVersion = 10.0.40219.1
Project("{FAE04EC0-301F-11D3-BF4B-00C04F79EFBC}") = "Generics1", "Generics1\Generics1.csproj", "{CC1B096F-B294-45DD-81D8-7AF112F70880}"
EndProject
Global
	GlobalSection(SolutionConfigurationPlatforms) = preSolution
		Debug|Any CPU = Debug|Any CPU
		Release|Any CPU = Release|Any CPU
	EndGlobalSection
	GlobalSection(ProjectConfigurationPlatforms) = postSolution
		{CC1B096F-B294-45DD-81D8-7AF112F70880}.Debug|Any CPU.ActiveCfg = Debug|Any CPU
		{CC1B096F-B294-45DD-81D8-7AF112F70880}.Debug|Any CPU.Build.0 = Debug|Any CPU
		{CC1B096F-B294-45DD-81D8-7AF112F70880}.Release|Any CPU.ActiveCfg = Release|Any CPU
		{CC1B096F-B294-45DD-81D8-7AF112F70880}.Release|Any CPU.Build.0 = Release|Any CPU
	EndGlobalSection
	GlobalSection(SolutionProperties) = preSolution
		HideSolutionNode = FALSE
	EndGlobalSection
	GlobalSection(ExtensibilityGlobals) = postSolution
		SolutionGuid = {6897D1A7-16A7-4239-946C-88352131421B}
	EndGlobalSection
EndGlobal
