
Microsoft Visual Studio Solution File, Format Version 12.00
# Visual Studio Version 16
VisualStudioVersion = 16.0.30503.244
MinimumVisualStudioVersion = 10.0.40219.1
Project("{FAE04EC0-301F-11D3-BF4B-00C04F79EFBC}") = "Exercicio1", "Exercicio1\Exercicio1.csproj", "{46E770C2-8DEA-4A20-8D2F-A4D8AB668AED}"
EndProject
Global
	GlobalSection(SolutionConfigurationPlatforms) = preSolution
		Debug|Any CPU = Debug|Any CPU
		Release|Any CPU = Release|Any CPU
	EndGlobalSection
	GlobalSection(ProjectConfigurationPlatforms) = postSolution
		{46E770C2-8DEA-4A20-8D2F-A4D8AB668AED}.Debug|Any CPU.ActiveCfg = Debug|Any CPU
		{46E770C2-8DEA-4A20-8D2F-A4D8AB668AED}.Debug|Any CPU.Build.0 = Debug|Any CPU
		{46E770C2-8DEA-4A20-8D2F-A4D8AB668AED}.Release|Any CPU.ActiveCfg = Release|Any CPU
		{46E770C2-8DEA-4A20-8D2F-A4D8AB668AED}.Release|Any CPU.Build.0 = Release|Any CPU
	EndGlobalSection
	GlobalSection(SolutionProperties) = preSolution
		HideSolutionNode = FALSE
	EndGlobalSection
	GlobalSection(ExtensibilityGlobals) = postSolution
		SolutionGuid = {66AAC55A-2969-4BDA-9439-1BE61D1ED3BD}
	EndGlobalSection
EndGlobal
