
Microsoft Visual Studio Solution File, Format Version 12.00
# Visual Studio Version 16
VisualStudioVersion = 16.0.30503.244
MinimumVisualStudioVersion = 10.0.40219.1
Project("{FAE04EC0-301F-11D3-BF4B-00C04F79EFBC}") = "Exercicio6", "Exercicio6\Exercicio6.csproj", "{85B192C7-9F3D-467F-B7E2-64FFF96334CF}"
EndProject
Global
	GlobalSection(SolutionConfigurationPlatforms) = preSolution
		Debug|Any CPU = Debug|Any CPU
		Release|Any CPU = Release|Any CPU
	EndGlobalSection
	GlobalSection(ProjectConfigurationPlatforms) = postSolution
		{85B192C7-9F3D-467F-B7E2-64FFF96334CF}.Debug|Any CPU.ActiveCfg = Debug|Any CPU
		{85B192C7-9F3D-467F-B7E2-64FFF96334CF}.Debug|Any CPU.Build.0 = Debug|Any CPU
		{85B192C7-9F3D-467F-B7E2-64FFF96334CF}.Release|Any CPU.ActiveCfg = Release|Any CPU
		{85B192C7-9F3D-467F-B7E2-64FFF96334CF}.Release|Any CPU.Build.0 = Release|Any CPU
	EndGlobalSection
	GlobalSection(SolutionProperties) = preSolution
		HideSolutionNode = FALSE
	EndGlobalSection
	GlobalSection(ExtensibilityGlobals) = postSolution
		SolutionGuid = {C19039E9-403B-4312-B77C-E888BC63007E}
	EndGlobalSection
EndGlobal
