
Microsoft Visual Studio Solution File, Format Version 12.00
# Visual Studio Version 16
VisualStudioVersion = 16.0.30503.244
MinimumVisualStudioVersion = 10.0.40219.1
Project("{FAE04EC0-301F-11D3-BF4B-00C04F79EFBC}") = "Restricoes", "Restricoes\Restricoes.csproj", "{AE344FE4-F04E-494C-A2FD-CEDD6360ECC7}"
EndProject
Global
	GlobalSection(SolutionConfigurationPlatforms) = preSolution
		Debug|Any CPU = Debug|Any CPU
		Release|Any CPU = Release|Any CPU
	EndGlobalSection
	GlobalSection(ProjectConfigurationPlatforms) = postSolution
		{AE344FE4-F04E-494C-A2FD-CEDD6360ECC7}.Debug|Any CPU.ActiveCfg = Debug|Any CPU
		{AE344FE4-F04E-494C-A2FD-CEDD6360ECC7}.Debug|Any CPU.Build.0 = Debug|Any CPU
		{AE344FE4-F04E-494C-A2FD-CEDD6360ECC7}.Release|Any CPU.ActiveCfg = Release|Any CPU
		{AE344FE4-F04E-494C-A2FD-CEDD6360ECC7}.Release|Any CPU.Build.0 = Release|Any CPU
	EndGlobalSection
	GlobalSection(SolutionProperties) = preSolution
		HideSolutionNode = FALSE
	EndGlobalSection
	GlobalSection(ExtensibilityGlobals) = postSolution
		SolutionGuid = {FE1745F8-934B-45E3-845F-C6DA9F914EB6}
	EndGlobalSection
EndGlobal
