
Microsoft Visual Studio Solution File, Format Version 12.00
# Visual Studio Version 16
VisualStudioVersion = 16.0.30503.244
MinimumVisualStudioVersion = 10.0.40219.1
Project("{FAE04EC0-301F-11D3-BF4B-00C04F79EFBC}") = "Exercicio05", "Exercicio05\Exercicio05.csproj", "{B201A152-0FF4-4385-928B-CDD82F6C8423}"
EndProject
Global
	GlobalSection(SolutionConfigurationPlatforms) = preSolution
		Debug|Any CPU = Debug|Any CPU
		Release|Any CPU = Release|Any CPU
	EndGlobalSection
	GlobalSection(ProjectConfigurationPlatforms) = postSolution
		{B201A152-0FF4-4385-928B-CDD82F6C8423}.Debug|Any CPU.ActiveCfg = Debug|Any CPU
		{B201A152-0FF4-4385-928B-CDD82F6C8423}.Debug|Any CPU.Build.0 = Debug|Any CPU
		{B201A152-0FF4-4385-928B-CDD82F6C8423}.Release|Any CPU.ActiveCfg = Release|Any CPU
		{B201A152-0FF4-4385-928B-CDD82F6C8423}.Release|Any CPU.Build.0 = Release|Any CPU
	EndGlobalSection
	GlobalSection(SolutionProperties) = preSolution
		HideSolutionNode = FALSE
	EndGlobalSection
	GlobalSection(ExtensibilityGlobals) = postSolution
		SolutionGuid = {4200A365-192C-4271-9A63-36D346C0BA06}
	EndGlobalSection
EndGlobal
