
Microsoft Visual Studio Solution File, Format Version 12.00
# Visual Studio Version 16
VisualStudioVersion = 16.0.30503.244
MinimumVisualStudioVersion = 10.0.40219.1
Project("{FAE04EC0-301F-11D3-BF4B-00C04F79EFBC}") = "Path", "Path\Path.csproj", "{D0878392-C4BD-43EF-876B-226EF41E1361}"
EndProject
Global
	GlobalSection(SolutionConfigurationPlatforms) = preSolution
		Debug|Any CPU = Debug|Any CPU
		Release|Any CPU = Release|Any CPU
	EndGlobalSection
	GlobalSection(ProjectConfigurationPlatforms) = postSolution
		{D0878392-C4BD-43EF-876B-226EF41E1361}.Debug|Any CPU.ActiveCfg = Debug|Any CPU
		{D0878392-C4BD-43EF-876B-226EF41E1361}.Debug|Any CPU.Build.0 = Debug|Any CPU
		{D0878392-C4BD-43EF-876B-226EF41E1361}.Release|Any CPU.ActiveCfg = Release|Any CPU
		{D0878392-C4BD-43EF-876B-226EF41E1361}.Release|Any CPU.Build.0 = Release|Any CPU
	EndGlobalSection
	GlobalSection(SolutionProperties) = preSolution
		HideSolutionNode = FALSE
	EndGlobalSection
	GlobalSection(ExtensibilityGlobals) = postSolution
		SolutionGuid = {5718D8C6-2BFE-4507-85BD-A333AFDCF561}
	EndGlobalSection
EndGlobal
