
Microsoft Visual Studio Solution File, Format Version 12.00
# Visual Studio Version 16
VisualStudioVersion = 16.0.30503.244
MinimumVisualStudioVersion = 10.0.40219.1
Project("{FAE04EC0-301F-11D3-BF4B-00C04F79EFBC}") = "OperadorAritmetico", "OperadorAritmetico\OperadorAritmetico.csproj", "{D22BA9CC-6982-4EF6-A996-044A3BC1C004}"
EndProject
Global
	GlobalSection(SolutionConfigurationPlatforms) = preSolution
		Debug|Any CPU = Debug|Any CPU
		Release|Any CPU = Release|Any CPU
	EndGlobalSection
	GlobalSection(ProjectConfigurationPlatforms) = postSolution
		{D22BA9CC-6982-4EF6-A996-044A3BC1C004}.Debug|Any CPU.ActiveCfg = Debug|Any CPU
		{D22BA9CC-6982-4EF6-A996-044A3BC1C004}.Debug|Any CPU.Build.0 = Debug|Any CPU
		{D22BA9CC-6982-4EF6-A996-044A3BC1C004}.Release|Any CPU.ActiveCfg = Release|Any CPU
		{D22BA9CC-6982-4EF6-A996-044A3BC1C004}.Release|Any CPU.Build.0 = Release|Any CPU
	EndGlobalSection
	GlobalSection(SolutionProperties) = preSolution
		HideSolutionNode = FALSE
	EndGlobalSection
	GlobalSection(ExtensibilityGlobals) = postSolution
		SolutionGuid = {1FC3392B-0E1E-4519-8C48-6F5008309144}
	EndGlobalSection
EndGlobal
