
Microsoft Visual Studio Solution File, Format Version 12.00
# Visual Studio Version 16
VisualStudioVersion = 16.0.30503.244
MinimumVisualStudioVersion = 10.0.40219.1
Project("{FAE04EC0-301F-11D3-BF4B-00C04F79EFBC}") = "Lambda01", "Lambda01\Lambda01.csproj", "{7D9E2B63-9F69-44A4-9839-9248FFB60A2F}"
EndProject
Global
	GlobalSection(SolutionConfigurationPlatforms) = preSolution
		Debug|Any CPU = Debug|Any CPU
		Release|Any CPU = Release|Any CPU
	EndGlobalSection
	GlobalSection(ProjectConfigurationPlatforms) = postSolution
		{7D9E2B63-9F69-44A4-9839-9248FFB60A2F}.Debug|Any CPU.ActiveCfg = Debug|Any CPU
		{7D9E2B63-9F69-44A4-9839-9248FFB60A2F}.Debug|Any CPU.Build.0 = Debug|Any CPU
		{7D9E2B63-9F69-44A4-9839-9248FFB60A2F}.Release|Any CPU.ActiveCfg = Release|Any CPU
		{7D9E2B63-9F69-44A4-9839-9248FFB60A2F}.Release|Any CPU.Build.0 = Release|Any CPU
	EndGlobalSection
	GlobalSection(SolutionProperties) = preSolution
		HideSolutionNode = FALSE
	EndGlobalSection
	GlobalSection(ExtensibilityGlobals) = postSolution
		SolutionGuid = {FE44C9D8-978E-42CF-B39F-2192DCB01122}
	EndGlobalSection
EndGlobal
