
Microsoft Visual Studio Solution File, Format Version 12.00
# Visual Studio Version 16
VisualStudioVersion = 16.0.30503.244
MinimumVisualStudioVersion = 10.0.40219.1
Project("{FAE04EC0-301F-11D3-BF4B-00C04F79EFBC}") = "ExercicioFixacao2", "ExercicioFixacao2\ExercicioFixacao2.csproj", "{AF1D3A7E-933F-404C-A38A-0849D11EA840}"
EndProject
Global
	GlobalSection(SolutionConfigurationPlatforms) = preSolution
		Debug|Any CPU = Debug|Any CPU
		Release|Any CPU = Release|Any CPU
	EndGlobalSection
	GlobalSection(ProjectConfigurationPlatforms) = postSolution
		{AF1D3A7E-933F-404C-A38A-0849D11EA840}.Debug|Any CPU.ActiveCfg = Debug|Any CPU
		{AF1D3A7E-933F-404C-A38A-0849D11EA840}.Debug|Any CPU.Build.0 = Debug|Any CPU
		{AF1D3A7E-933F-404C-A38A-0849D11EA840}.Release|Any CPU.ActiveCfg = Release|Any CPU
		{AF1D3A7E-933F-404C-A38A-0849D11EA840}.Release|Any CPU.Build.0 = Release|Any CPU
	EndGlobalSection
	GlobalSection(SolutionProperties) = preSolution
		HideSolutionNode = FALSE
	EndGlobalSection
	GlobalSection(ExtensibilityGlobals) = postSolution
		SolutionGuid = {FB94AB70-A1C4-4078-891E-4A663A922723}
	EndGlobalSection
EndGlobal
