
Microsoft Visual Studio Solution File, Format Version 12.00
# Visual Studio Version 16
VisualStudioVersion = 16.0.30503.244
MinimumVisualStudioVersion = 10.0.40219.1
Project("{FAE04EC0-301F-11D3-BF4B-00C04F79EFBC}") = "IComparable", "IComparable\IComparable.csproj", "{A7A107F9-E3D0-48C4-AA9B-502ACB002E5D}"
EndProject
Global
	GlobalSection(SolutionConfigurationPlatforms) = preSolution
		Debug|Any CPU = Debug|Any CPU
		Release|Any CPU = Release|Any CPU
	EndGlobalSection
	GlobalSection(ProjectConfigurationPlatforms) = postSolution
		{A7A107F9-E3D0-48C4-AA9B-502ACB002E5D}.Debug|Any CPU.ActiveCfg = Debug|Any CPU
		{A7A107F9-E3D0-48C4-AA9B-502ACB002E5D}.Debug|Any CPU.Build.0 = Debug|Any CPU
		{A7A107F9-E3D0-48C4-AA9B-502ACB002E5D}.Release|Any CPU.ActiveCfg = Release|Any CPU
		{A7A107F9-E3D0-48C4-AA9B-502ACB002E5D}.Release|Any CPU.Build.0 = Release|Any CPU
	EndGlobalSection
	GlobalSection(SolutionProperties) = preSolution
		HideSolutionNode = FALSE
	EndGlobalSection
	GlobalSection(ExtensibilityGlobals) = postSolution
		SolutionGuid = {014C778E-0CB1-48E6-9CA8-5818F1C84487}
	EndGlobalSection
EndGlobal
