
Microsoft Visual Studio Solution File, Format Version 12.00
# Visual Studio Version 16
VisualStudioVersion = 16.0.30503.244
MinimumVisualStudioVersion = 10.0.40219.1
Project("{FAE04EC0-301F-11D3-BF4B-00C04F79EFBC}") = "StreamWriter", "StreamWriter\StreamWriter.csproj", "{7D125D7E-2D6D-4F31-B9BE-41E654F4F4A1}"
EndProject
Global
	GlobalSection(SolutionConfigurationPlatforms) = preSolution
		Debug|Any CPU = Debug|Any CPU
		Release|Any CPU = Release|Any CPU
	EndGlobalSection
	GlobalSection(ProjectConfigurationPlatforms) = postSolution
		{7D125D7E-2D6D-4F31-B9BE-41E654F4F4A1}.Debug|Any CPU.ActiveCfg = Debug|Any CPU
		{7D125D7E-2D6D-4F31-B9BE-41E654F4F4A1}.Debug|Any CPU.Build.0 = Debug|Any CPU
		{7D125D7E-2D6D-4F31-B9BE-41E654F4F4A1}.Release|Any CPU.ActiveCfg = Release|Any CPU
		{7D125D7E-2D6D-4F31-B9BE-41E654F4F4A1}.Release|Any CPU.Build.0 = Release|Any CPU
	EndGlobalSection
	GlobalSection(SolutionProperties) = preSolution
		HideSolutionNode = FALSE
	EndGlobalSection
	GlobalSection(ExtensibilityGlobals) = postSolution
		SolutionGuid = {12FCA20B-9E0E-4F06-BCE4-368361BCB353}
	EndGlobalSection
EndGlobal
