
Microsoft Visual Studio Solution File, Format Version 12.00
# Visual Studio Version 16
VisualStudioVersion = 16.0.30503.244
MinimumVisualStudioVersion = 10.0.40219.1
Project("{FAE04EC0-301F-11D3-BF4B-00C04F79EFBC}") = "ExercicioFixacao", "ExercicioFixacao\ExercicioFixacao.csproj", "{AC7A2818-F746-439F-BE78-5FC696C8462B}"
EndProject
Global
	GlobalSection(SolutionConfigurationPlatforms) = preSolution
		Debug|Any CPU = Debug|Any CPU
		Release|Any CPU = Release|Any CPU
	EndGlobalSection
	GlobalSection(ProjectConfigurationPlatforms) = postSolution
		{AC7A2818-F746-439F-BE78-5FC696C8462B}.Debug|Any CPU.ActiveCfg = Debug|Any CPU
		{AC7A2818-F746-439F-BE78-5FC696C8462B}.Debug|Any CPU.Build.0 = Debug|Any CPU
		{AC7A2818-F746-439F-BE78-5FC696C8462B}.Release|Any CPU.ActiveCfg = Release|Any CPU
		{AC7A2818-F746-439F-BE78-5FC696C8462B}.Release|Any CPU.Build.0 = Release|Any CPU
	EndGlobalSection
	GlobalSection(SolutionProperties) = preSolution
		HideSolutionNode = FALSE
	EndGlobalSection
	GlobalSection(ExtensibilityGlobals) = postSolution
		SolutionGuid = {0A0A14E2-FD48-45B7-A608-74C6CD6417E7}
	EndGlobalSection
EndGlobal
