
Microsoft Visual Studio Solution File, Format Version 12.00
# Visual Studio Version 16
VisualStudioVersion = 16.0.30503.244
MinimumVisualStudioVersion = 10.0.40219.1
Project("{FAE04EC0-301F-11D3-BF4B-00C04F79EFBC}") = "ExpressaoCondicionalTernaria", "ExpressaoCondicionalTernaria\ExpressaoCondicionalTernaria.csproj", "{2E7F25E8-B6C1-480F-9C46-D4647D9E3F89}"
EndProject
Global
	GlobalSection(SolutionConfigurationPlatforms) = preSolution
		Debug|Any CPU = Debug|Any CPU
		Release|Any CPU = Release|Any CPU
	EndGlobalSection
	GlobalSection(ProjectConfigurationPlatforms) = postSolution
		{2E7F25E8-B6C1-480F-9C46-D4647D9E3F89}.Debug|Any CPU.ActiveCfg = Debug|Any CPU
		{2E7F25E8-B6C1-480F-9C46-D4647D9E3F89}.Debug|Any CPU.Build.0 = Debug|Any CPU
		{2E7F25E8-B6C1-480F-9C46-D4647D9E3F89}.Release|Any CPU.ActiveCfg = Release|Any CPU
		{2E7F25E8-B6C1-480F-9C46-D4647D9E3F89}.Release|Any CPU.Build.0 = Release|Any CPU
	EndGlobalSection
	GlobalSection(SolutionProperties) = preSolution
		HideSolutionNode = FALSE
	EndGlobalSection
	GlobalSection(ExtensibilityGlobals) = postSolution
		SolutionGuid = {F2D11C67-4182-4957-A4AD-6E790805F1AE}
	EndGlobalSection
EndGlobal
