
Microsoft Visual Studio Solution File, Format Version 12.00
# Visual Studio Version 16
VisualStudioVersion = 16.0.30503.244
MinimumVisualStudioVersion = 10.0.40219.1
Project("{FAE04EC0-301F-11D3-BF4B-00C04F79EFBC}") = "Exercicio02", "Exercicio02\Exercicio02.csproj", "{C310F9C1-24D6-4C99-AE8B-CC6317319160}"
EndProject
Global
	GlobalSection(SolutionConfigurationPlatforms) = preSolution
		Debug|Any CPU = Debug|Any CPU
		Release|Any CPU = Release|Any CPU
	EndGlobalSection
	GlobalSection(ProjectConfigurationPlatforms) = postSolution
		{C310F9C1-24D6-4C99-AE8B-CC6317319160}.Debug|Any CPU.ActiveCfg = Debug|Any CPU
		{C310F9C1-24D6-4C99-AE8B-CC6317319160}.Debug|Any CPU.Build.0 = Debug|Any CPU
		{C310F9C1-24D6-4C99-AE8B-CC6317319160}.Release|Any CPU.ActiveCfg = Release|Any CPU
		{C310F9C1-24D6-4C99-AE8B-CC6317319160}.Release|Any CPU.Build.0 = Release|Any CPU
	EndGlobalSection
	GlobalSection(SolutionProperties) = preSolution
		HideSolutionNode = FALSE
	EndGlobalSection
	GlobalSection(ExtensibilityGlobals) = postSolution
		SolutionGuid = {F8F7A12A-1AEA-47EA-A982-3A5137D191E9}
	EndGlobalSection
EndGlobal
