
Microsoft Visual Studio Solution File, Format Version 12.00
# Visual Studio Version 16
VisualStudioVersion = 16.0.30503.244
MinimumVisualStudioVersion = 10.0.40219.1
Project("{FAE04EC0-301F-11D3-BF4B-00C04F79EFBC}") = "Program", "Program\Program.csproj", "{4FE39563-CE50-49BC-BE48-67B38C40B6E0}"
EndProject
Global
	GlobalSection(SolutionConfigurationPlatforms) = preSolution
		Debug|Any CPU = Debug|Any CPU
		Release|Any CPU = Release|Any CPU
	EndGlobalSection
	GlobalSection(ProjectConfigurationPlatforms) = postSolution
		{4FE39563-CE50-49BC-BE48-67B38C40B6E0}.Debug|Any CPU.ActiveCfg = Debug|Any CPU
		{4FE39563-CE50-49BC-BE48-67B38C40B6E0}.Debug|Any CPU.Build.0 = Debug|Any CPU
		{4FE39563-CE50-49BC-BE48-67B38C40B6E0}.Release|Any CPU.ActiveCfg = Release|Any CPU
		{4FE39563-CE50-49BC-BE48-67B38C40B6E0}.Release|Any CPU.Build.0 = Release|Any CPU
	EndGlobalSection
	GlobalSection(SolutionProperties) = preSolution
		HideSolutionNode = FALSE
	EndGlobalSection
	GlobalSection(ExtensibilityGlobals) = postSolution
		SolutionGuid = {1E482923-F05E-4D2F-A486-752CF7313889}
	EndGlobalSection
EndGlobal
