
Microsoft Visual Studio Solution File, Format Version 12.00
# Visual Studio Version 16
VisualStudioVersion = 16.0.30503.244
MinimumVisualStudioVersion = 10.0.40219.1
Project("{FAE04EC0-301F-11D3-BF4B-00C04F79EFBC}") = "Demo2", "Demo2\Demo2.csproj", "{10F62D78-84B4-43F1-B05B-61364FCE9A27}"
EndProject
Global
	GlobalSection(SolutionConfigurationPlatforms) = preSolution
		Debug|Any CPU = Debug|Any CPU
		Release|Any CPU = Release|Any CPU
	EndGlobalSection
	GlobalSection(ProjectConfigurationPlatforms) = postSolution
		{10F62D78-84B4-43F1-B05B-61364FCE9A27}.Debug|Any CPU.ActiveCfg = Debug|Any CPU
		{10F62D78-84B4-43F1-B05B-61364FCE9A27}.Debug|Any CPU.Build.0 = Debug|Any CPU
		{10F62D78-84B4-43F1-B05B-61364FCE9A27}.Release|Any CPU.ActiveCfg = Release|Any CPU
		{10F62D78-84B4-43F1-B05B-61364FCE9A27}.Release|Any CPU.Build.0 = Release|Any CPU
	EndGlobalSection
	GlobalSection(SolutionProperties) = preSolution
		HideSolutionNode = FALSE
	EndGlobalSection
	GlobalSection(ExtensibilityGlobals) = postSolution
		SolutionGuid = {84028977-0022-4954-ACC6-8B2FCCA2E5BD}
	EndGlobalSection
EndGlobal
