
Microsoft Visual Studio Solution File, Format Version 12.00
# Visual Studio Version 16
VisualStudioVersion = 16.0.30503.244
MinimumVisualStudioVersion = 10.0.40219.1
Project("{FAE04EC0-301F-11D3-BF4B-00C04F79EFBC}") = "TryCatch", "TryCatch\TryCatch.csproj", "{E9EBFCDD-54B7-4C62-98ED-119E0042D6EE}"
EndProject
Global
	GlobalSection(SolutionConfigurationPlatforms) = preSolution
		Debug|Any CPU = Debug|Any CPU
		Release|Any CPU = Release|Any CPU
	EndGlobalSection
	GlobalSection(ProjectConfigurationPlatforms) = postSolution
		{E9EBFCDD-54B7-4C62-98ED-119E0042D6EE}.Debug|Any CPU.ActiveCfg = Debug|Any CPU
		{E9EBFCDD-54B7-4C62-98ED-119E0042D6EE}.Debug|Any CPU.Build.0 = Debug|Any CPU
		{E9EBFCDD-54B7-4C62-98ED-119E0042D6EE}.Release|Any CPU.ActiveCfg = Release|Any CPU
		{E9EBFCDD-54B7-4C62-98ED-119E0042D6EE}.Release|Any CPU.Build.0 = Release|Any CPU
	EndGlobalSection
	GlobalSection(SolutionProperties) = preSolution
		HideSolutionNode = FALSE
	EndGlobalSection
	GlobalSection(ExtensibilityGlobals) = postSolution
		SolutionGuid = {771314B7-522F-46CD-AE45-BF425BC7E0DA}
	EndGlobalSection
EndGlobal
